// !$*UTF8*$!
{
	archiveVersion = 1;
	classes = {
	};
	objectVersion = 77;
	objects = {

/* Begin PBXBuildFile section */
		05A32FA42E8285F0B1BF05DB /* BrandColors.swift in Sources */ = {isa = PBXBuildFile; fileRef = 55268C85E873C584F6DD19BC /* BrandColors.swift */; };
		0F35C356B5576BF248D5E1AE /* stat_config.json in Resources */ = {isa = PBXBuildFile; fileRef = 6B50FD15492CCE031A905488 /* stat_config.json */; };
		10E6361803A8FEA7A449A733 /* TeamCardView.swift in Sources */ = {isa = PBXBuildFile; fileRef = E5808AF2D60EBEB36D9CE0A5 /* TeamCardView.swift */; };
		11B5072DDF250B89211A446B /* all_players.json in Resources */ = {isa = PBXBuildFile; fileRef = 4293560F253FA1568A32F30E /* all_players.json */; };
		1987147EBAFFEC7CBDE9694E /* PaywallView.swift in Sources */ = {isa = PBXBuildFile; fileRef = A0FB15832BA10076377EBB0F /* PaywallView.swift */; };
		1D6020CD9CF042647C57939A /* SuggestionEngine.swift in Sources */ = {isa = PBXBuildFile; fileRef = 9969BA1D8D7549F7CE5DBD54 /* SuggestionEngine.swift */; };
		1ECE269D01C0E2A34FCDCE58 /* SearchHistoryView.swift in Sources */ = {isa = PBXBuildFile; fileRef = 72B1E47AF8FDA520F93D8DF4 /* SearchHistoryView.swift */; };
		20D0946EF09755C58A946C8A /* ResultCard.swift in Sources */ = {isa = PBXBuildFile; fileRef = 56A2A2E05C215D0A3ADAAAAD /* ResultCard.swift */; };
		248A17CF0DF0ADAD96E56F39 /* PlayerNameExtractor.swift in Sources */ = {isa = PBXBuildFile; fileRef = 322E2B73CF90D427F012E146 /* PlayerNameExtractor.swift */; };
		27359D246F5CF799D5EF74CA /* HomeView.swift in Sources */ = {isa = PBXBuildFile; fileRef = 6788FF565D12FAFC3C30AD38 /* HomeView.swift */; };
		27E8F31F18C8C0D76DE297ED /* LaunchAnimationView.swift in Sources */ = {isa = PBXBuildFile; fileRef = ECFC73592230A429A6330F03 /* LaunchAnimationView.swift */; };
		286335C24816EB8ECBD96E60 /* FTUEView.swift in Sources */ = {isa = PBXBuildFile; fileRef = CA55681F9D544F06DD447C1E /* FTUEView.swift */; };
		28C826BBA916CF60FBAC8A08 /* SuggestionConfig.swift in Sources */ = {isa = PBXBuildFile; fileRef = E517A58248A8BCD73B86CF8E /* SuggestionConfig.swift */; };
		2EB618AB46A9AAA35344A5EA /* StatDefinitions.swift in Sources */ = {isa = PBXBuildFile; fileRef = E2804060A7E9E5D9265E19EB /* StatDefinitions.swift */; };
		2EB8CE668E4DD876C161E895 /* suggestions_config.json in Resources */ = {isa = PBXBuildFile; fileRef = 694155992A032023CEC3C780 /* suggestions_config.json */; };
		331DF50CF8911F917BE040E4 /* PlayerNameMatcher.swift in Sources */ = {isa = PBXBuildFile; fileRef = A8FF902D3F734697580E64F8 /* PlayerNameMatcher.swift */; };
		345576D5B8C92C14734E83D3 /* Message.swift in Sources */ = {isa = PBXBuildFile; fileRef = 10EA680000C9537C1C20EC2A /* Message.swift */; };
		3632B9540EDBB47A6B0FE611 /* UpdateBannerView.swift in Sources */ = {isa = PBXBuildFile; fileRef = 36B9C2759808557FEAF8E1A1 /* UpdateBannerView.swift */; };
		407B6D9C1E8862FAC51F5974 /* AppState.swift in Sources */ = {isa = PBXBuildFile; fileRef = 4226E2C31DC9E6684B0CD953 /* AppState.swift */; };
		455928344195A5334455240E /* ResultsView.swift in Sources */ = {isa = PBXBuildFile; fileRef = CD18464AB4C998AEF89D1ADC /* ResultsView.swift */; };
		497301EF41FE610D0BE621E8 /* StatChat.storekit in Resources */ = {isa = PBXBuildFile; fileRef = 8A33F22FD3998B78C251B18E /* StatChat.storekit */; };
		4A5E4A5EA0E0E552CF4ACA1F /* SuggestionPillsView.swift in Sources */ = {isa = PBXBuildFile; fileRef = AB57F6E3B57D2CBE150BEEE9 /* SuggestionPillsView.swift */; };
		4CA955D91619F5ACE90AB744 /* StatLeadersView.swift in Sources */ = {isa = PBXBuildFile; fileRef = 1AF208FB6E5AA6F5443097C5 /* StatLeadersView.swift */; };
		5015BF091371068EA3F0C963 /* PlayerCardView.swift in Sources */ = {isa = PBXBuildFile; fileRef = B51AB0AF7813417184FAF96B /* PlayerCardView.swift */; };
		544EBC4B31BC8B80788EE870 /* LoadingIndicator.swift in Sources */ = {isa = PBXBuildFile; fileRef = 8CBC668CB3B717109518A293 /* LoadingIndicator.swift */; };
		5CCE38BE8D7080E8700D1E0B /* LeaderboardView.swift in Sources */ = {isa = PBXBuildFile; fileRef = 797994603DE35696E898BBDA /* LeaderboardView.swift */; };
		64280373B64CE7D4706B86E0 /* NotableEventsFeed.swift in Sources */ = {isa = PBXBuildFile; fileRef = 262D29E44C5E2CBFC7226DB3 /* NotableEventsFeed.swift */; };
		6B88067E643A4E86CA80F3E5 /* BackendService.swift in Sources */ = {isa = PBXBuildFile; fileRef = 4799F2E0A3FC480D16A23C9F /* BackendService.swift */; };
		6DA656C612FFFC98992595AE /* StatGridParser.swift in Sources */ = {isa = PBXBuildFile; fileRef = 12ED36FBBADEE2968B59C872 /* StatGridParser.swift */; };
		711A5DC1A43508AAAB114448 /* GameLogsResultView.swift in Sources */ = {isa = PBXBuildFile; fileRef = 447E5C4457E59F25A95A0B8C /* GameLogsResultView.swift */; };
		725F4CA20FCDCC9874494AA9 /* DatabaseService.swift in Sources */ = {isa = PBXBuildFile; fileRef = 94B9C740E67CB61B571A0B35 /* DatabaseService.swift */; };
		775D2818E5A1C587FCFE659B /* DrawerScrollView.swift in Sources */ = {isa = PBXBuildFile; fileRef = F91684173936C656325701F4 /* DrawerScrollView.swift */; };
		7980858E751450598B53AA57 /* Assets.xcassets in Resources */ = {isa = PBXBuildFile; fileRef = A161890890E908E9407731BF /* Assets.xcassets */; };
		7BB97C5EF392F16371B99621 /* SettingsView.swift in Sources */ = {isa = PBXBuildFile; fileRef = 68E27B973CF2B1F2C0AA67E7 /* SettingsView.swift */; };
		7D8C7E36E07C12B7988BC18D /* AnalyticsService.swift in Sources */ = {isa = PBXBuildFile; fileRef = 9DB639422C8087E5F65B68F8 /* AnalyticsService.swift */; };
		9FA34A551A1BB60CF2DCADBB /* StatGridView.swift in Sources */ = {isa = PBXBuildFile; fileRef = C78343C60140872060772B21 /* StatGridView.swift */; };
		ADDD8C0C367AE8A5F619DBF1 /* SQLSanitizer.swift in Sources */ = {isa = PBXBuildFile; fileRef = 485259BB61F2E56F43AA82C1 /* SQLSanitizer.swift */; };
		BCD80DF57F31A72D219E38F0 /* PlayerCardService.swift in Sources */ = {isa = PBXBuildFile; fileRef = FAD8EDD4EE7274139F6B565D /* PlayerCardService.swift */; };
		BE54E2C20003B4AF94BE524E /* BaseballStatsEngineApp.swift in Sources */ = {isa = PBXBuildFile; fileRef = 0D73591CB340996782549D6F /* BaseballStatsEngineApp.swift */; };
		C3F79295CCAFADF7A2760CA1 /* PromptStore.swift in Sources */ = {isa = PBXBuildFile; fileRef = 7E985281B8BE082A2E1958F3 /* PromptStore.swift */; };
		C6AFE0FAA7DB998AE525AE05 /* AnimatedPlaceholder.swift in Sources */ = {isa = PBXBuildFile; fileRef = 7CB091836D4207BE27DEBA70 /* AnimatedPlaceholder.swift */; };
		E17E07E988FADCAC1978B82C /* Mixpanel in Frameworks */ = {isa = PBXBuildFile; productRef = 8F97E5A574D1CD85A9EF3AE8 /* Mixpanel */; };
		ED2340E24B3B18EEB77319F1 /* StoreKitService.swift in Sources */ = {isa = PBXBuildFile; fileRef = 16D3173C9E4FCC57E81C6897 /* StoreKitService.swift */; };
		F1227A844E80C4AEF7A632A1 /* SwipeBackGesture.swift in Sources */ = {isa = PBXBuildFile; fileRef = 46EE2001B470FD5EC03920D6 /* SwipeBackGesture.swift */; };
		F41238CACD8719488CD332C1 /* baseball_stats.db in Resources */ = {isa = PBXBuildFile; fileRef = FB9F66CC0E8964519268C478 /* baseball_stats.db */; };
/* End PBXBuildFile section */

/* Begin PBXFileReference section */
		0D73591CB340996782549D6F /* BaseballStatsEngineApp.swift */ = {isa = PBXFileReference; lastKnownFileType = sourcecode.swift; path = BaseballStatsEngineApp.swift; sourceTree = "<group>"; };
		10EA680000C9537C1C20EC2A /* Message.swift */ = {isa = PBXFileReference; lastKnownFileType = sourcecode.swift; path = Message.swift; sourceTree = "<group>"; };
		12ED36FBBADEE2968B59C872 /* StatGridParser.swift */ = {isa = PBXFileReference; lastKnownFileType = sourcecode.swift; path = StatGridParser.swift; sourceTree = "<group>"; };
		16D3173C9E4FCC57E81C6897 /* StoreKitService.swift */ = {isa = PBXFileReference; lastKnownFileType = sourcecode.swift; path = StoreKitService.swift; sourceTree = "<group>"; };
		1AF208FB6E5AA6F5443097C5 /* StatLeadersView.swift */ = {isa = PBXFileReference; lastKnownFileType = sourcecode.swift; path = StatLeadersView.swift; sourceTree = "<group>"; };
		262D29E44C5E2CBFC7226DB3 /* NotableEventsFeed.swift */ = {isa = PBXFileReference; lastKnownFileType = sourcecode.swift; path = NotableEventsFeed.swift; sourceTree = "<group>"; };
		322E2B73CF90D427F012E146 /* PlayerNameExtractor.swift */ = {isa = PBXFileReference; lastKnownFileType = sourcecode.swift; path = PlayerNameExtractor.swift; sourceTree = "<group>"; };
		36B9C2759808557FEAF8E1A1 /* UpdateBannerView.swift */ = {isa = PBXFileReference; lastKnownFileType = sourcecode.swift; path = UpdateBannerView.swift; sourceTree = "<group>"; };
		4226E2C31DC9E6684B0CD953 /* AppState.swift */ = {isa = PBXFileReference; lastKnownFileType = sourcecode.swift; path = AppState.swift; sourceTree = "<group>"; };
		4293560F253FA1568A32F30E /* all_players.json */ = {isa = PBXFileReference; lastKnownFileType = text.json; path = all_players.json; sourceTree = "<group>"; };
		447E5C4457E59F25A95A0B8C /* GameLogsResultView.swift */ = {isa = PBXFileReference; lastKnownFileType = sourcecode.swift; path = GameLogsResultView.swift; sourceTree = "<group>"; };
		46EE2001B470FD5EC03920D6 /* SwipeBackGesture.swift */ = {isa = PBXFileReference; lastKnownFileType = sourcecode.swift; path = SwipeBackGesture.swift; sourceTree = "<group>"; };
		4799F2E0A3FC480D16A23C9F /* BackendService.swift */ = {isa = PBXFileReference; lastKnownFileType = sourcecode.swift; path = BackendService.swift; sourceTree = "<group>"; };
		485259BB61F2E56F43AA82C1 /* SQLSanitizer.swift */ = {isa = PBXFileReference; lastKnownFileType = sourcecode.swift; path = SQLSanitizer.swift; sourceTree = "<group>"; };
		55268C85E873C584F6DD19BC /* BrandColors.swift */ = {isa = PBXFileReference; lastKnownFileType = sourcecode.swift; path = BrandColors.swift; sourceTree = "<group>"; };
		56A2A2E05C215D0A3ADAAAAD /* ResultCard.swift */ = {isa = PBXFileReference; lastKnownFileType = sourcecode.swift; path = ResultCard.swift; sourceTree = "<group>"; };
		6788FF565D12FAFC3C30AD38 /* HomeView.swift */ = {isa = PBXFileReference; lastKnownFileType = sourcecode.swift; path = HomeView.swift; sourceTree = "<group>"; };
		68E27B973CF2B1F2C0AA67E7 /* SettingsView.swift */ = {isa = PBXFileReference; lastKnownFileType = sourcecode.swift; path = SettingsView.swift; sourceTree = "<group>"; };
		694155992A032023CEC3C780 /* suggestions_config.json */ = {isa = PBXFileReference; lastKnownFileType = text.json; path = suggestions_config.json; sourceTree = "<group>"; };
		6B50FD15492CCE031A905488 /* stat_config.json */ = {isa = PBXFileReference; lastKnownFileType = text.json; path = stat_config.json; sourceTree = "<group>"; };
		6BB3CC48A319FDD80408F09F /* StatChat.app */ = {isa = PBXFileReference; includeInIndex = 0; lastKnownFileType = wrapper.application; path = StatChat.app; sourceTree = BUILT_PRODUCTS_DIR; };
		72B1E47AF8FDA520F93D8DF4 /* SearchHistoryView.swift */ = {isa = PBXFileReference; lastKnownFileType = sourcecode.swift; path = SearchHistoryView.swift; sourceTree = "<group>"; };
		797994603DE35696E898BBDA /* LeaderboardView.swift */ = {isa = PBXFileReference; lastKnownFileType = sourcecode.swift; path = LeaderboardView.swift; sourceTree = "<group>"; };
		7CB091836D4207BE27DEBA70 /* AnimatedPlaceholder.swift */ = {isa = PBXFileReference; lastKnownFileType = sourcecode.swift; path = AnimatedPlaceholder.swift; sourceTree = "<group>"; };
		7E985281B8BE082A2E1958F3 /* PromptStore.swift */ = {isa = PBXFileReference; lastKnownFileType = sourcecode.swift; path = PromptStore.swift; sourceTree = "<group>"; };
		8A33F22FD3998B78C251B18E /* StatChat.storekit */ = {isa = PBXFileReference; path = StatChat.storekit; sourceTree = "<group>"; };
		8CBC668CB3B717109518A293 /* LoadingIndicator.swift */ = {isa = PBXFileReference; lastKnownFileType = sourcecode.swift; path = LoadingIndicator.swift; sourceTree = "<group>"; };
		94B9C740E67CB61B571A0B35 /* DatabaseService.swift */ = {isa = PBXFileReference; lastKnownFileType = sourcecode.swift; path = DatabaseService.swift; sourceTree = "<group>"; };
		9969BA1D8D7549F7CE5DBD54 /* SuggestionEngine.swift */ = {isa = PBXFileReference; lastKnownFileType = sourcecode.swift; path = SuggestionEngine.swift; sourceTree = "<group>"; };
		9DB639422C8087E5F65B68F8 /* AnalyticsService.swift */ = {isa = PBXFileReference; lastKnownFileType = sourcecode.swift; path = AnalyticsService.swift; sourceTree = "<group>"; };
		A0FB15832BA10076377EBB0F /* PaywallView.swift */ = {isa = PBXFileReference; lastKnownFileType = sourcecode.swift; path = PaywallView.swift; sourceTree = "<group>"; };
		A161890890E908E9407731BF /* Assets.xcassets */ = {isa = PBXFileReference; lastKnownFileType = folder.assetcatalog; path = Assets.xcassets; sourceTree = "<group>"; };
		A8FF902D3F734697580E64F8 /* PlayerNameMatcher.swift */ = {isa = PBXFileReference; lastKnownFileType = sourcecode.swift; path = PlayerNameMatcher.swift; sourceTree = "<group>"; };
		AB57F6E3B57D2CBE150BEEE9 /* SuggestionPillsView.swift */ = {isa = PBXFileReference; lastKnownFileType = sourcecode.swift; path = SuggestionPillsView.swift; sourceTree = "<group>"; };
		B51AB0AF7813417184FAF96B /* PlayerCardView.swift */ = {isa = PBXFileReference; lastKnownFileType = sourcecode.swift; path = PlayerCardView.swift; sourceTree = "<group>"; };
		C78343C60140872060772B21 /* StatGridView.swift */ = {isa = PBXFileReference; lastKnownFileType = sourcecode.swift; path = StatGridView.swift; sourceTree = "<group>"; };
		CA55681F9D544F06DD447C1E /* FTUEView.swift */ = {isa = PBXFileReference; lastKnownFileType = sourcecode.swift; path = FTUEView.swift; sourceTree = "<group>"; };
		CD18464AB4C998AEF89D1ADC /* ResultsView.swift */ = {isa = PBXFileReference; lastKnownFileType = sourcecode.swift; path = ResultsView.swift; sourceTree = "<group>"; };
		E2804060A7E9E5D9265E19EB /* StatDefinitions.swift */ = {isa = PBXFileReference; lastKnownFileType = sourcecode.swift; path = StatDefinitions.swift; sourceTree = "<group>"; };
		E517A58248A8BCD73B86CF8E /* SuggestionConfig.swift */ = {isa = PBXFileReference; lastKnownFileType = sourcecode.swift; path = SuggestionConfig.swift; sourceTree = "<group>"; };
		E5808AF2D60EBEB36D9CE0A5 /* TeamCardView.swift */ = {isa = PBXFileReference; lastKnownFileType = sourcecode.swift; path = TeamCardView.swift; sourceTree = "<group>"; };
		ECFC73592230A429A6330F03 /* LaunchAnimationView.swift */ = {isa = PBXFileReference; lastKnownFileType = sourcecode.swift; path = LaunchAnimationView.swift; sourceTree = "<group>"; };
		F91684173936C656325701F4 /* DrawerScrollView.swift */ = {isa = PBXFileReference; lastKnownFileType = sourcecode.swift; path = DrawerScrollView.swift; sourceTree = "<group>"; };
		FAD8EDD4EE7274139F6B565D /* PlayerCardService.swift */ = {isa = PBXFileReference; lastKnownFileType = sourcecode.swift; path = PlayerCardService.swift; sourceTree = "<group>"; };
		FB9F66CC0E8964519268C478 /* baseball_stats.db */ = {isa = PBXFileReference; path = baseball_stats.db; sourceTree = "<group>"; };
/* End PBXFileReference section */

/* Begin PBXFrameworksBuildPhase section */
		603DABE3BDABF7370E85FC37 /* Frameworks */ = {
			isa = PBXFrameworksBuildPhase;
			buildActionMask = 2147483647;
			files = (
				E17E07E988FADCAC1978B82C /* Mixpanel in Frameworks */,
			);
			runOnlyForDeploymentPostprocessing = 0;
		};
/* End PBXFrameworksBuildPhase section */

/* Begin PBXGroup section */
		128BF8A6F2B3C01C9F464637 /* Models */ = {
			isa = PBXGroup;
			children = (
				10EA680000C9537C1C20EC2A /* Message.swift */,
				E517A58248A8BCD73B86CF8E /* SuggestionConfig.swift */,
			);
			path = Models;
			sourceTree = "<group>";
		};
		3A6BFB8A043B5D7081E8BFCA = {
			isa = PBXGroup;
			children = (
				9F3F3807231CA1FA9FFC323C /* BaseballStatsEngine */,
				68ABBEA4073C5887FC605419 /* Resources */,
				8CE70F0FBD3EAE83F5821E53 /* Products */,
			);
			sourceTree = "<group>";
		};
		55D523AA261613BF74B41401 /* App */ = {
			isa = PBXGroup;
			children = (
				4226E2C31DC9E6684B0CD953 /* AppState.swift */,
				0D73591CB340996782549D6F /* BaseballStatsEngineApp.swift */,
				55268C85E873C584F6DD19BC /* BrandColors.swift */,
			);
			path = App;
			sourceTree = "<group>";
		};
		68ABBEA4073C5887FC605419 /* Resources */ = {
			isa = PBXGroup;
			children = (
				4293560F253FA1568A32F30E /* all_players.json */,
				A161890890E908E9407731BF /* Assets.xcassets */,
				FB9F66CC0E8964519268C478 /* baseball_stats.db */,
				6B50FD15492CCE031A905488 /* stat_config.json */,
				8A33F22FD3998B78C251B18E /* StatChat.storekit */,
				694155992A032023CEC3C780 /* suggestions_config.json */,
			);
			name = Resources;
			path = BaseballStatsEngine/Resources;
			sourceTree = "<group>";
		};
		8CE70F0FBD3EAE83F5821E53 /* Products */ = {
			isa = PBXGroup;
			children = (
				6BB3CC48A319FDD80408F09F /* StatChat.app */,
			);
			name = Products;
			sourceTree = "<group>";
		};
		9F3F3807231CA1FA9FFC323C /* BaseballStatsEngine */ = {
			isa = PBXGroup;
			children = (
				55D523AA261613BF74B41401 /* App */,
				128BF8A6F2B3C01C9F464637 /* Models */,
				BFAF8460FF8B0F423CF8F1D3 /* Services */,
				FF56DA2F993343477886B37C /* Views */,
			);
			path = BaseballStatsEngine;
			sourceTree = "<group>";
		};
		BFAF8460FF8B0F423CF8F1D3 /* Services */ = {
			isa = PBXGroup;
			children = (
				9DB639422C8087E5F65B68F8 /* AnalyticsService.swift */,
				4799F2E0A3FC480D16A23C9F /* BackendService.swift */,
				94B9C740E67CB61B571A0B35 /* DatabaseService.swift */,
				FAD8EDD4EE7274139F6B565D /* PlayerCardService.swift */,
				322E2B73CF90D427F012E146 /* PlayerNameExtractor.swift */,
				A8FF902D3F734697580E64F8 /* PlayerNameMatcher.swift */,
				7E985281B8BE082A2E1958F3 /* PromptStore.swift */,
				485259BB61F2E56F43AA82C1 /* SQLSanitizer.swift */,
				E2804060A7E9E5D9265E19EB /* StatDefinitions.swift */,
				12ED36FBBADEE2968B59C872 /* StatGridParser.swift */,
				16D3173C9E4FCC57E81C6897 /* StoreKitService.swift */,
				9969BA1D8D7549F7CE5DBD54 /* SuggestionEngine.swift */,
			);
			path = Services;
			sourceTree = "<group>";
		};
		FF56DA2F993343477886B37C /* Views */ = {
			isa = PBXGroup;
			children = (
				7CB091836D4207BE27DEBA70 /* AnimatedPlaceholder.swift */,
				F91684173936C656325701F4 /* DrawerScrollView.swift */,
				CA55681F9D544F06DD447C1E /* FTUEView.swift */,
				447E5C4457E59F25A95A0B8C /* GameLogsResultView.swift */,
				6788FF565D12FAFC3C30AD38 /* HomeView.swift */,
				ECFC73592230A429A6330F03 /* LaunchAnimationView.swift */,
				797994603DE35696E898BBDA /* LeaderboardView.swift */,
				8CBC668CB3B717109518A293 /* LoadingIndicator.swift */,
				262D29E44C5E2CBFC7226DB3 /* NotableEventsFeed.swift */,
				A0FB15832BA10076377EBB0F /* PaywallView.swift */,
				B51AB0AF7813417184FAF96B /* PlayerCardView.swift */,
				56A2A2E05C215D0A3ADAAAAD /* ResultCard.swift */,
				CD18464AB4C998AEF89D1ADC /* ResultsView.swift */,
				72B1E47AF8FDA520F93D8DF4 /* SearchHistoryView.swift */,
				68E27B973CF2B1F2C0AA67E7 /* SettingsView.swift */,
				C78343C60140872060772B21 /* StatGridView.swift */,
				1AF208FB6E5AA6F5443097C5 /* StatLeadersView.swift */,
				AB57F6E3B57D2CBE150BEEE9 /* SuggestionPillsView.swift */,
				46EE2001B470FD5EC03920D6 /* SwipeBackGesture.swift */,
				E5808AF2D60EBEB36D9CE0A5 /* TeamCardView.swift */,
				36B9C2759808557FEAF8E1A1 /* UpdateBannerView.swift */,
			);
			path = Views;
			sourceTree = "<group>";
		};
/* End PBXGroup section */

/* Begin PBXNativeTarget section */
		8C87DC28F1F6A74C47C2E93E /* StatChat */ = {
			isa = PBXNativeTarget;
			buildConfigurationList = 8B191F5DA84934EEA87CBD1B /* Build configuration list for PBXNativeTarget "StatChat" */;
			buildPhases = (
				426953D7186C7C67F27E9994 /* Sources */,
				42A81029A121A3FA21050485 /* Resources */,
				603DABE3BDABF7370E85FC37 /* Frameworks */,
			);
			buildRules = (
			);
			dependencies = (
			);
			name = StatChat;
			packageProductDependencies = (
				8F97E5A574D1CD85A9EF3AE8 /* Mixpanel */,
			);
			productName = StatChat;
			productReference = 6BB3CC48A319FDD80408F09F /* StatChat.app */;
			productType = "com.apple.product-type.application";
		};
/* End PBXNativeTarget section */

/* Begin PBXProject section */
		C3434877940C7BD2D12483CB /* Project object */ = {
			isa = PBXProject;
			attributes = {
				BuildIndependentTargetsInParallel = YES;
				LastUpgradeCheck = 1600;
				TargetAttributes = {
					8C87DC28F1F6A74C47C2E93E = {
						DevelopmentTeam = "";
					};
				};
			};
			buildConfigurationList = 565CC3B177DF8EAB07B64990 /* Build configuration list for PBXProject "StatChat" */;
			compatibilityVersion = "Xcode 14.0";
			developmentRegion = en;
			hasScannedForEncodings = 0;
			knownRegions = (
				Base,
				en,
			);
			mainGroup = 3A6BFB8A043B5D7081E8BFCA;
			minimizedProjectReferenceProxies = 1;
			packageReferences = (
				5F875A8453A358B6F3A59810 /* XCRemoteSwiftPackageReference "mixpanel-swift" */,
			);
			preferredProjectObjectVersion = 77;
			projectDirPath = "";
			projectRoot = "";
			targets = (
				8C87DC28F1F6A74C47C2E93E /* StatChat */,
			);
		};
/* End PBXProject section */

/* Begin PBXResourcesBuildPhase section */
		42A81029A121A3FA21050485 /* Resources */ = {
			isa = PBXResourcesBuildPhase;
			buildActionMask = 2147483647;
			files = (
				7980858E751450598B53AA57 /* Assets.xcassets in Resources */,
				497301EF41FE610D0BE621E8 /* StatChat.storekit in Resources */,
				11B5072DDF250B89211A446B /* all_players.json in Resources */,
				F41238CACD8719488CD332C1 /* baseball_stats.db in Resources */,
				0F35C356B5576BF248D5E1AE /* stat_config.json in Resources */,
				2EB8CE668E4DD876C161E895 /* suggestions_config.json in Resources */,
			);
			runOnlyForDeploymentPostprocessing = 0;
		};
/* End PBXResourcesBuildPhase section */

/* Begin PBXSourcesBuildPhase section */
		426953D7186C7C67F27E9994 /* Sources */ = {
			isa = PBXSourcesBuildPhase;
			buildActionMask = 2147483647;
			files = (
				7D8C7E36E07C12B7988BC18D /* AnalyticsService.swift in Sources */,
				C6AFE0FAA7DB998AE525AE05 /* AnimatedPlaceholder.swift in Sources */,
				407B6D9C1E8862FAC51F5974 /* AppState.swift in Sources */,
				6B88067E643A4E86CA80F3E5 /* BackendService.swift in Sources */,
				BE54E2C20003B4AF94BE524E /* BaseballStatsEngineApp.swift in Sources */,
				05A32FA42E8285F0B1BF05DB /* BrandColors.swift in Sources */,
				725F4CA20FCDCC9874494AA9 /* DatabaseService.swift in Sources */,
				775D2818E5A1C587FCFE659B /* DrawerScrollView.swift in Sources */,
				286335C24816EB8ECBD96E60 /* FTUEView.swift in Sources */,
				711A5DC1A43508AAAB114448 /* GameLogsResultView.swift in Sources */,
				27359D246F5CF799D5EF74CA /* HomeView.swift in Sources */,
				27E8F31F18C8C0D76DE297ED /* LaunchAnimationView.swift in Sources */,
				5CCE38BE8D7080E8700D1E0B /* LeaderboardView.swift in Sources */,
				544EBC4B31BC8B80788EE870 /* LoadingIndicator.swift in Sources */,
				345576D5B8C92C14734E83D3 /* Message.swift in Sources */,
				64280373B64CE7D4706B86E0 /* NotableEventsFeed.swift in Sources */,
				1987147EBAFFEC7CBDE9694E /* PaywallView.swift in Sources */,
				BCD80DF57F31A72D219E38F0 /* PlayerCardService.swift in Sources */,
				5015BF091371068EA3F0C963 /* PlayerCardView.swift in Sources */,
				248A17CF0DF0ADAD96E56F39 /* PlayerNameExtractor.swift in Sources */,
				331DF50CF8911F917BE040E4 /* PlayerNameMatcher.swift in Sources */,
				C3F79295CCAFADF7A2760CA1 /* PromptStore.swift in Sources */,
				20D0946EF09755C58A946C8A /* ResultCard.swift in Sources */,
				455928344195A5334455240E /* ResultsView.swift in Sources */,
				ADDD8C0C367AE8A5F619DBF1 /* SQLSanitizer.swift in Sources */,
				1ECE269D01C0E2A34FCDCE58 /* SearchHistoryView.swift in Sources */,
				7BB97C5EF392F16371B99621 /* SettingsView.swift in Sources */,
				2EB618AB46A9AAA35344A5EA /* StatDefinitions.swift in Sources */,
				6DA656C612FFFC98992595AE /* StatGridParser.swift in Sources */,
				9FA34A551A1BB60CF2DCADBB /* StatGridView.swift in Sources */,
				4CA955D91619F5ACE90AB744 /* StatLeadersView.swift in Sources */,
				ED2340E24B3B18EEB77319F1 /* StoreKitService.swift in Sources */,
				28C826BBA916CF60FBAC8A08 /* SuggestionConfig.swift in Sources */,
				1D6020CD9CF042647C57939A /* SuggestionEngine.swift in Sources */,
				4A5E4A5EA0E0E552CF4ACA1F /* SuggestionPillsView.swift in Sources */,
				F1227A844E80C4AEF7A632A1 /* SwipeBackGesture.swift in Sources */,
				10E6361803A8FEA7A449A733 /* TeamCardView.swift in Sources */,
				3632B9540EDBB47A6B0FE611 /* UpdateBannerView.swift in Sources */,
			);
			runOnlyForDeploymentPostprocessing = 0;
		};
/* End PBXSourcesBuildPhase section */

/* Begin XCBuildConfiguration section */
		1EA006EC7B61B35407FDE06B /* Debug */ = {
			isa = XCBuildConfiguration;
			buildSettings = {
				ASSETCATALOG_COMPILER_APPICON_NAME = AppIcon;
				CODE_SIGN_IDENTITY = "iPhone Developer";
				CURRENT_PROJECT_VERSION = 2;
				DEVELOPMENT_TEAM = "";
				GENERATE_INFOPLIST_FILE = YES;
				INFOPLIST_KEY_ITSAppUsesNonExemptEncryption = NO;
				INFOPLIST_KEY_UIApplicationSceneManifest_Generation = YES;
				INFOPLIST_KEY_UILaunchScreen_BackgroundColor = LaunchBackground;
				INFOPLIST_KEY_UILaunchScreen_Generation = YES;
				INFOPLIST_KEY_UISupportedInterfaceOrientations_iPad = "UIInterfaceOrientationPortrait UIInterfaceOrientationPortraitUpsideDown UIInterfaceOrientationLandscapeLeft UIInterfaceOrientationLandscapeRight";
				INFOPLIST_KEY_UISupportedInterfaceOrientations_iPhone = UIInterfaceOrientationPortrait;
				LD_RUNPATH_SEARCH_PATHS = (
					"$(inherited)",
					"@executable_path/Frameworks",
				);
				MARKETING_VERSION = 1.0.0;
				PRODUCT_BUNDLE_IDENTIFIER = com.statchat.app;
				PRODUCT_NAME = StatChat;
				SDKROOT = iphoneos;
				SWIFT_VERSION = 6.0;
				TARGETED_DEVICE_FAMILY = 1;
			};
			name = Debug;
		};
		9ED005F5F9BAC7C4B2739CD2 /* Release */ = {
			isa = XCBuildConfiguration;
			buildSettings = {
				ASSETCATALOG_COMPILER_APPICON_NAME = AppIcon;
				CODE_SIGN_IDENTITY = "iPhone Developer";
				CURRENT_PROJECT_VERSION = 2;
				DEVELOPMENT_TEAM = "";
				GENERATE_INFOPLIST_FILE = YES;
				INFOPLIST_KEY_ITSAppUsesNonExemptEncryption = NO;
				INFOPLIST_KEY_UIApplicationSceneManifest_Generation = YES;
				INFOPLIST_KEY_UILaunchScreen_BackgroundColor = LaunchBackground;
				INFOPLIST_KEY_UILaunchScreen_Generation = YES;
				INFOPLIST_KEY_UISupportedInterfaceOrientations_iPad = "UIInterfaceOrientationPortrait UIInterfaceOrientationPortraitUpsideDown UIInterfaceOrientationLandscapeLeft UIInterfaceOrientationLandscapeRight";
				INFOPLIST_KEY_UISupportedInterfaceOrientations_iPhone = UIInterfaceOrientationPortrait;
				LD_RUNPATH_SEARCH_PATHS = (
					"$(inherited)",
					"@executable_path/Frameworks",
				);
				MARKETING_VERSION = 1.0.0;
				PRODUCT_BUNDLE_IDENTIFIER = com.statchat.app;
				PRODUCT_NAME = StatChat;
				SDKROOT = iphoneos;
				SWIFT_VERSION = 6.0;
				TARGETED_DEVICE_FAMILY = 1;
			};
			name = Release;
		};
		C4E49962BC5BCE51F7379E2C /* Debug */ = {
			isa = XCBuildConfiguration;
			buildSettings = {
				ALWAYS_SEARCH_USER_PATHS = NO;
				CLANG_ANALYZER_NONNULL = YES;
				CLANG_ANALYZER_NUMBER_OBJECT_CONVERSION = YES_AGGRESSIVE;
				CLANG_CXX_LANGUAGE_STANDARD = "gnu++14";
				CLANG_CXX_LIBRARY = "libc++";
				CLANG_ENABLE_MODULES = YES;
				CLANG_ENABLE_OBJC_ARC = YES;
				CLANG_ENABLE_OBJC_WEAK = YES;
				CLANG_WARN_BLOCK_CAPTURE_AUTORELEASING = YES;
				CLANG_WARN_BOOL_CONVERSION = YES;
				CLANG_WARN_COMMA = YES;
				CLANG_WARN_CONSTANT_CONVERSION = YES;
				CLANG_WARN_DEPRECATED_OBJC_IMPLEMENTATIONS = YES;
				CLANG_WARN_DIRECT_OBJC_ISA_USAGE = YES_ERROR;
				CLANG_WARN_DOCUMENTATION_COMMENTS = YES;
				CLANG_WARN_EMPTY_BODY = YES;
				CLANG_WARN_ENUM_CONVERSION = YES;
				CLANG_WARN_INFINITE_RECURSION = YES;
				CLANG_WARN_INT_CONVERSION = YES;
				CLANG_WARN_NON_LITERAL_NULL_CONVERSION = YES;
				CLANG_WARN_OBJC_IMPLICIT_RETAIN_SELF = YES;
				CLANG_WARN_OBJC_LITERAL_CONVERSION = YES;
				CLANG_WARN_OBJC_ROOT_CLASS = YES_ERROR;
				CLANG_WARN_QUOTED_INCLUDE_IN_FRAMEWORK_HEADER = YES;
				CLANG_WARN_RANGE_LOOP_ANALYSIS = YES;
				CLANG_WARN_STRICT_PROTOTYPES = YES;
				CLANG_WARN_SUSPICIOUS_MOVE = YES;
				CLANG_WARN_UNGUARDED_AVAILABILITY = YES_AGGRESSIVE;
				CLANG_WARN_UNREACHABLE_CODE = YES;
				CLANG_WARN__DUPLICATE_METHOD_MATCH = YES;
				COPY_PHASE_STRIP = NO;
				DEBUG_INFORMATION_FORMAT = dwarf;
				ENABLE_STRICT_OBJC_MSGSEND = YES;
				ENABLE_TESTABILITY = YES;
				GCC_C_LANGUAGE_STANDARD = gnu11;
				GCC_DYNAMIC_NO_PIC = NO;
				GCC_NO_COMMON_BLOCKS = YES;
				GCC_OPTIMIZATION_LEVEL = 0;
				GCC_PREPROCESSOR_DEFINITIONS = (
					"$(inherited)",
					"DEBUG=1",
				);
				GCC_WARN_64_TO_32_BIT_CONVERSION = YES;
				GCC_WARN_ABOUT_RETURN_TYPE = YES_ERROR;
				GCC_WARN_UNDECLARED_SELECTOR = YES;
				GCC_WARN_UNINITIALIZED_AUTOS = YES_AGGRESSIVE;
				GCC_WARN_UNUSED_FUNCTION = YES;
				GCC_WARN_UNUSED_VARIABLE = YES;
				IPHONEOS_DEPLOYMENT_TARGET = 17.0;
				MTL_ENABLE_DEBUG_INFO = INCLUDE_SOURCE;
				MTL_FAST_MATH = YES;
				ONLY_ACTIVE_ARCH = YES;
				PRODUCT_NAME = "$(TARGET_NAME)";
				SDKROOT = iphoneos;
				SWIFT_ACTIVE_COMPILATION_CONDITIONS = DEBUG;
				SWIFT_OPTIMIZATION_LEVEL = "-Onone";
				SWIFT_VERSION = 5.0;
			};
			name = Debug;
		};
		E36C5416592D027E544F30B9 /* Release */ = {
			isa = XCBuildConfiguration;
			buildSettings = {
				ALWAYS_SEARCH_USER_PATHS = NO;
				CLANG_ANALYZER_NONNULL = YES;
				CLANG_ANALYZER_NUMBER_OBJECT_CONVERSION = YES_AGGRESSIVE;
				CLANG_CXX_LANGUAGE_STANDARD = "gnu++14";
				CLANG_CXX_LIBRARY = "libc++";
				CLANG_ENABLE_MODULES = YES;
				CLANG_ENABLE_OBJC_ARC = YES;
				CLANG_ENABLE_OBJC_WEAK = YES;
				CLANG_WARN_BLOCK_CAPTURE_AUTORELEASING = YES;
				CLANG_WARN_BOOL_CONVERSION = YES;
				CLANG_WARN_COMMA = YES;
				CLANG_WARN_CONSTANT_CONVERSION = YES;
				CLANG_WARN_DEPRECATED_OBJC_IMPLEMENTATIONS = YES;
				CLANG_WARN_DIRECT_OBJC_ISA_USAGE = YES_ERROR;
				CLANG_WARN_DOCUMENTATION_COMMENTS = YES;
				CLANG_WARN_EMPTY_BODY = YES;
				CLANG_WARN_ENUM_CONVERSION = YES;
				CLANG_WARN_INFINITE_RECURSION = YES;
				CLANG_WARN_INT_CONVERSION = YES;
				CLANG_WARN_NON_LITERAL_NULL_CONVERSION = YES;
				CLANG_WARN_OBJC_IMPLICIT_RETAIN_SELF = YES;
				CLANG_WARN_OBJC_LITERAL_CONVERSION = YES;
				CLANG_WARN_OBJC_ROOT_CLASS = YES_ERROR;
				CLANG_WARN_QUOTED_INCLUDE_IN_FRAMEWORK_HEADER = YES;
				CLANG_WARN_RANGE_LOOP_ANALYSIS = YES;
				CLANG_WARN_STRICT_PROTOTYPES = YES;
				CLANG_WARN_SUSPICIOUS_MOVE = YES;
				CLANG_WARN_UNGUARDED_AVAILABILITY = YES_AGGRESSIVE;
				CLANG_WARN_UNREACHABLE_CODE = YES;
				CLANG_WARN__DUPLICATE_METHOD_MATCH = YES;
				COPY_PHASE_STRIP = NO;
				DEBUG_INFORMATION_FORMAT = "dwarf-with-dsym";
				ENABLE_NS_ASSERTIONS = NO;
				ENABLE_STRICT_OBJC_MSGSEND = YES;
				GCC_C_LANGUAGE_STANDARD = gnu11;
				GCC_NO_COMMON_BLOCKS = YES;
				GCC_WARN_64_TO_32_BIT_CONVERSION = YES;
				GCC_WARN_ABOUT_RETURN_TYPE = YES_ERROR;
				GCC_WARN_UNDECLARED_SELECTOR = YES;
				GCC_WARN_UNINITIALIZED_AUTOS = YES_AGGRESSIVE;
				GCC_WARN_UNUSED_FUNCTION = YES;
				GCC_WARN_UNUSED_VARIABLE = YES;
				IPHONEOS_DEPLOYMENT_TARGET = 17.0;
				MTL_ENABLE_DEBUG_INFO = NO;
				MTL_FAST_MATH = YES;
				PRODUCT_NAME = "$(TARGET_NAME)";
				SDKROOT = iphoneos;
				SWIFT_COMPILATION_MODE = wholemodule;
				SWIFT_OPTIMIZATION_LEVEL = "-O";
				SWIFT_VERSION = 5.0;
			};
			name = Release;
		};
/* End XCBuildConfiguration section */

/* Begin XCConfigurationList section */
		565CC3B177DF8EAB07B64990 /* Build configuration list for PBXProject "StatChat" */ = {
			isa = XCConfigurationList;
			buildConfigurations = (
				C4E49962BC5BCE51F7379E2C /* Debug */,
				E36C5416592D027E544F30B9 /* Release */,
			);
			defaultConfigurationIsVisible = 0;
			defaultConfigurationName = Debug;
		};
		8B191F5DA84934EEA87CBD1B /* Build configuration list for PBXNativeTarget "StatChat" */ = {
			isa = XCConfigurationList;
			buildConfigurations = (
				1EA006EC7B61B35407FDE06B /* Debug */,
				9ED005F5F9BAC7C4B2739CD2 /* Release */,
			);
			defaultConfigurationIsVisible = 0;
			defaultConfigurationName = Debug;
		};
/* End XCConfigurationList section */

/* Begin XCRemoteSwiftPackageReference section */
		5F875A8453A358B6F3A59810 /* XCRemoteSwiftPackageReference "mixpanel-swift" */ = {
			isa = XCRemoteSwiftPackageReference;
			repositoryURL = "https://github.com/mixpanel/mixpanel-swift";
			requirement = {
				kind = upToNextMajorVersion;
				minimumVersion = 4.0.0;
			};
		};
/* End XCRemoteSwiftPackageReference section */

/* Begin XCSwiftPackageProductDependency section */
		8F97E5A574D1CD85A9EF3AE8 /* Mixpanel */ = {
			isa = XCSwiftPackageProductDependency;
			package = 5F875A8453A358B6F3A59810 /* XCRemoteSwiftPackageReference "mixpanel-swift" */;
			productName = Mixpanel;
		};
/* End XCSwiftPackageProductDependency section */
	};
	rootObject = C3434877940C7BD2D12483CB /* Project object */;
}
